
Microsoft Visual Studio Solution File, Format Version 12.00
# Visual Studio Version 16
VisualStudioVersion = 16.0.29709.97
MinimumVisualStudioVersion = 10.0.40219.1
Project("{8BC9CEB8-8B4A-11D0-8D11-00A0C91BC942}") = "C++ Training", "C++ Training.vcxproj", "{1B016F44-A3FA-40E4-B654-7C19168DBD42}"
EndProject
Global
	GlobalSection(SolutionConfigurationPlatforms) = preSolution
		Debug|x64 = Debug|x64
		Debug|x86 = Debug|x86
		Release|x64 = Release|x64
		Release|x86 = Release|x86
	EndGlobalSection
	GlobalSection(ProjectConfigurationPlatforms) = postSolution
		{1B016F44-A3FA-40E4-B654-7C19168DBD42}.Debug|x64.ActiveCfg = Debug|x64
		{1B016F44-A3FA-40E4-B654-7C19168DBD42}.Debug|x64.Build.0 = Debug|x64
		{1B016F44-A3FA-40E4-B654-7C19168DBD42}.Debug|x86.ActiveCfg = Debug|Win32
		{1B016F44-A3FA-40E4-B654-7C19168DBD42}.Debug|x86.Build.0 = Debug|Win32
		{1B016F44-A3FA-40E4-B654-7C19168DBD42}.Release|x64.ActiveCfg = Release|x64
		{1B016F44-A3FA-40E4-B654-7C19168DBD42}.Release|x64.Build.0 = Release|x64
		{1B016F44-A3FA-40E4-B654-7C19168DBD42}.Release|x86.ActiveCfg = Release|Win32
		{1B016F44-A3FA-40E4-B654-7C19168DBD42}.Release|x86.Build.0 = Release|Win32
	EndGlobalSection
	GlobalSection(SolutionProperties) = preSolution
		HideSolutionNode = FALSE
	EndGlobalSection
	GlobalSection(ExtensibilityGlobals) = postSolution
		SolutionGuid = {3010DFE9-B52E-4143-8F7C-B07D16B42B90}
	EndGlobalSection
EndGlobal
